// !$*UTF8*$!
{
	archiveVersion = 1;
	classes = {
	};
	objectVersion = 50;
	objects = {

/* Begin PBXBuildFile section */
		DB0130F322290DA0003CBFE7 /* FileUtils.swift in Sources */ = {isa = PBXBuildFile; fileRef = DB0130F222290DA0003CBFE7 /* FileUtils.swift */; };
		DB0130F522294E98003CBFE7 /* AudioCell.swift in Sources */ = {isa = PBXBuildFile; fileRef = DB0130F422294E98003CBFE7 /* AudioCell.swift */; };
		DB0130F7222A5099003CBFE7 /* AudioPlayer.swift in Sources */ = {isa = PBXBuildFile; fileRef = DB0130F6222A5099003CBFE7 /* AudioPlayer.swift */; };
		DB0130F9222A517D003CBFE7 /* UIUtils.swift in Sources */ = {isa = PBXBuildFile; fileRef = DB0130F8222A517D003CBFE7 /* UIUtils.swift */; };
		DB2F416322280630009D6EB6 /* AppDelegate.swift in Sources */ = {isa = PBXBuildFile; fileRef = DB2F416222280630009D6EB6 /* AppDelegate.swift */; };
		DB2F416522280630009D6EB6 /* RecorderViewController.swift in Sources */ = {isa = PBXBuildFile; fileRef = DB2F416422280630009D6EB6 /* RecorderViewController.swift */; };
		DB2F416722280630009D6EB6 /* AudioLibraryViewController.swift in Sources */ = {isa = PBXBuildFile; fileRef = DB2F416622280630009D6EB6 /* AudioLibraryViewController.swift */; };
		DB2F416A22280630009D6EB6 /* Main.storyboard in Resources */ = {isa = PBXBuildFile; fileRef = DB2F416822280630009D6EB6 /* Main.storyboard */; };
		DB2F416C22280631009D6EB6 /* Assets.xcassets in Resources */ = {isa = PBXBuildFile; fileRef = DB2F416B22280631009D6EB6 /* Assets.xcassets */; };
		DB2F416F22280631009D6EB6 /* LaunchScreen.storyboard in Resources */ = {isa = PBXBuildFile; fileRef = DB2F416D22280631009D6EB6 /* LaunchScreen.storyboard */; };
		DB2F417722280A8A009D6EB6 /* CompilerViewController.swift in Sources */ = {isa = PBXBuildFile; fileRef = DB2F417622280A8A009D6EB6 /* CompilerViewController.swift */; };
		DB2F417A22280BFA009D6EB6 /* AVKit.framework in Frameworks */ = {isa = PBXBuildFile; fileRef = DB2F417922280BFA009D6EB6 /* AVKit.framework */; };
		DB2F417C222818D6009D6EB6 /* FSTableAudioDataSource.swift in Sources */ = {isa = PBXBuildFile; fileRef = DB2F417B222818D6009D6EB6 /* FSTableAudioDataSource.swift */; };
		DB86F93B222C117E00C565E7 /* FSTableDirectoryDataSource.swift in Sources */ = {isa = PBXBuildFile; fileRef = DB86F93A222C117E00C565E7 /* FSTableDirectoryDataSource.swift */; };
		DB86F93D222C148E00C565E7 /* PhraseCell.swift in Sources */ = {isa = PBXBuildFile; fileRef = DB86F93C222C148E00C565E7 /* PhraseCell.swift */; };
		DB86F93F222C159B00C565E7 /* PhrasesLibraryViewController.swift in Sources */ = {isa = PBXBuildFile; fileRef = DB86F93E222C159B00C565E7 /* PhrasesLibraryViewController.swift */; };
		DB86F941222D2AFA00C565E7 /* AudioRecorder.swift in Sources */ = {isa = PBXBuildFile; fileRef = DB86F940222D2AFA00C565E7 /* AudioRecorder.swift */; };
		DB86F943222E968200C565E7 /* PhraseDetailsViewController.swift in Sources */ = {isa = PBXBuildFile; fileRef = DB86F942222E968200C565E7 /* PhraseDetailsViewController.swift */; };
		DB86F945222F775700C565E7 /* PhraseLibraryContainerViewController.swift in Sources */ = {isa = PBXBuildFile; fileRef = DB86F944222F775700C565E7 /* PhraseLibraryContainerViewController.swift */; };
		DB86F947222F812B00C565E7 /* NotificationUtils.swift in Sources */ = {isa = PBXBuildFile; fileRef = DB86F946222F812B00C565E7 /* NotificationUtils.swift */; };
		DB86F949222FA65400C565E7 /* DB.swift in Sources */ = {isa = PBXBuildFile; fileRef = DB86F948222FA65400C565E7 /* DB.swift */; };
		DBB56C88223FD8BD00E63FCC /* DictionaryDB.swift in Sources */ = {isa = PBXBuildFile; fileRef = DBB56C87223FD8BD00E63FCC /* DictionaryDB.swift */; };
		DBB56C8A223FD90300E63FCC /* ArrayDB.swift in Sources */ = {isa = PBXBuildFile; fileRef = DBB56C89223FD90300E63FCC /* ArrayDB.swift */; };
		DBB56C8C223FDB3800E63FCC /* VoiceSequence.swift in Sources */ = {isa = PBXBuildFile; fileRef = DBB56C8B223FDB3800E63FCC /* VoiceSequence.swift */; };
		DBC3EA2F223D161D00B46E7A /* DirectoryCell.swift in Sources */ = {isa = PBXBuildFile; fileRef = DBC3EA2E223D161D00B46E7A /* DirectoryCell.swift */; };
/* End PBXBuildFile section */

/* Begin PBXCopyFilesBuildPhase section */
		DB0130F122290B7F003CBFE7 /* Embed App Extensions */ = {
			isa = PBXCopyFilesBuildPhase;
			buildActionMask = 2147483647;
			dstPath = "";
			dstSubfolderSpec = 13;
			files = (
			);
			name = "Embed App Extensions";
			runOnlyForDeploymentPostprocessing = 0;
		};
/* End PBXCopyFilesBuildPhase section */

/* Begin PBXFileReference section */
		DB0130F222290DA0003CBFE7 /* FileUtils.swift */ = {isa = PBXFileReference; lastKnownFileType = sourcecode.swift; path = FileUtils.swift; sourceTree = "<group>"; };
		DB0130F422294E98003CBFE7 /* AudioCell.swift */ = {isa = PBXFileReference; lastKnownFileType = sourcecode.swift; path = AudioCell.swift; sourceTree = "<group>"; };
		DB0130F6222A5099003CBFE7 /* AudioPlayer.swift */ = {isa = PBXFileReference; lastKnownFileType = sourcecode.swift; path = AudioPlayer.swift; sourceTree = "<group>"; };
		DB0130F8222A517D003CBFE7 /* UIUtils.swift */ = {isa = PBXFileReference; lastKnownFileType = sourcecode.swift; path = UIUtils.swift; sourceTree = "<group>"; };
		DB2F415F22280630009D6EB6 /* VoiceRec.app */ = {isa = PBXFileReference; explicitFileType = wrapper.application; includeInIndex = 0; path = VoiceRec.app; sourceTree = BUILT_PRODUCTS_DIR; };
		DB2F416222280630009D6EB6 /* AppDelegate.swift */ = {isa = PBXFileReference; lastKnownFileType = sourcecode.swift; path = AppDelegate.swift; sourceTree = "<group>"; };
		DB2F416422280630009D6EB6 /* RecorderViewController.swift */ = {isa = PBXFileReference; lastKnownFileType = sourcecode.swift; path = RecorderViewController.swift; sourceTree = "<group>"; };
		DB2F416622280630009D6EB6 /* AudioLibraryViewController.swift */ = {isa = PBXFileReference; lastKnownFileType = sourcecode.swift; path = AudioLibraryViewController.swift; sourceTree = "<group>"; };
		DB2F416922280630009D6EB6 /* Base */ = {isa = PBXFileReference; lastKnownFileType = file.storyboard; name = Base; path = Base.lproj/Main.storyboard; sourceTree = "<group>"; };
		DB2F416B22280631009D6EB6 /* Assets.xcassets */ = {isa = PBXFileReference; lastKnownFileType = folder.assetcatalog; path = Assets.xcassets; sourceTree = "<group>"; };
		DB2F416E22280631009D6EB6 /* Base */ = {isa = PBXFileReference; lastKnownFileType = file.storyboard; name = Base; path = Base.lproj/LaunchScreen.storyboard; sourceTree = "<group>"; };
		DB2F417022280631009D6EB6 /* Info.plist */ = {isa = PBXFileReference; lastKnownFileType = text.plist.xml; path = Info.plist; sourceTree = "<group>"; };
		DB2F417622280A8A009D6EB6 /* CompilerViewController.swift */ = {isa = PBXFileReference; lastKnownFileType = sourcecode.swift; path = CompilerViewController.swift; sourceTree = "<group>"; };
		DB2F417922280BFA009D6EB6 /* AVKit.framework */ = {isa = PBXFileReference; lastKnownFileType = wrapper.framework; name = AVKit.framework; path = System/Library/Frameworks/AVKit.framework; sourceTree = SDKROOT; };
		DB2F417B222818D6009D6EB6 /* FSTableAudioDataSource.swift */ = {isa = PBXFileReference; lastKnownFileType = sourcecode.swift; path = FSTableAudioDataSource.swift; sourceTree = "<group>"; };
		DB86F93A222C117E00C565E7 /* FSTableDirectoryDataSource.swift */ = {isa = PBXFileReference; lastKnownFileType = sourcecode.swift; path = FSTableDirectoryDataSource.swift; sourceTree = "<group>"; };
		DB86F93C222C148E00C565E7 /* PhraseCell.swift */ = {isa = PBXFileReference; lastKnownFileType = sourcecode.swift; path = PhraseCell.swift; sourceTree = "<group>"; };
		DB86F93E222C159B00C565E7 /* PhrasesLibraryViewController.swift */ = {isa = PBXFileReference; lastKnownFileType = sourcecode.swift; path = PhrasesLibraryViewController.swift; sourceTree = "<group>"; };
		DB86F940222D2AFA00C565E7 /* AudioRecorder.swift */ = {isa = PBXFileReference; lastKnownFileType = sourcecode.swift; path = AudioRecorder.swift; sourceTree = "<group>"; };
		DB86F942222E968200C565E7 /* PhraseDetailsViewController.swift */ = {isa = PBXFileReference; lastKnownFileType = sourcecode.swift; path = PhraseDetailsViewController.swift; sourceTree = "<group>"; };
		DB86F944222F775700C565E7 /* PhraseLibraryContainerViewController.swift */ = {isa = PBXFileReference; lastKnownFileType = sourcecode.swift; path = PhraseLibraryContainerViewController.swift; sourceTree = "<group>"; };
		DB86F946222F812B00C565E7 /* NotificationUtils.swift */ = {isa = PBXFileReference; lastKnownFileType = sourcecode.swift; path = NotificationUtils.swift; sourceTree = "<group>"; };
		DB86F948222FA65400C565E7 /* DB.swift */ = {isa = PBXFileReference; lastKnownFileType = sourcecode.swift; path = DB.swift; sourceTree = "<group>"; };
		DBB56C87223FD8BD00E63FCC /* DictionaryDB.swift */ = {isa = PBXFileReference; lastKnownFileType = sourcecode.swift; path = DictionaryDB.swift; sourceTree = "<group>"; };
		DBB56C89223FD90300E63FCC /* ArrayDB.swift */ = {isa = PBXFileReference; lastKnownFileType = sourcecode.swift; path = ArrayDB.swift; sourceTree = "<group>"; };
		DBB56C8B223FDB3800E63FCC /* VoiceSequence.swift */ = {isa = PBXFileReference; lastKnownFileType = sourcecode.swift; path = VoiceSequence.swift; sourceTree = "<group>"; };
		DBC3EA2E223D161D00B46E7A /* DirectoryCell.swift */ = {isa = PBXFileReference; lastKnownFileType = sourcecode.swift; path = DirectoryCell.swift; sourceTree = "<group>"; };
/* End PBXFileReference section */

/* Begin PBXFrameworksBuildPhase section */
		DB2F415C22280630009D6EB6 /* Frameworks */ = {
			isa = PBXFrameworksBuildPhase;
			buildActionMask = 2147483647;
			files = (
				DB2F417A22280BFA009D6EB6 /* AVKit.framework in Frameworks */,
			);
			runOnlyForDeploymentPostprocessing = 0;
		};
/* End PBXFrameworksBuildPhase section */

/* Begin PBXGroup section */
		DB2F415622280630009D6EB6 = {
			isa = PBXGroup;
			children = (
				DB2F416122280630009D6EB6 /* VoiceRec */,
				DB2F416022280630009D6EB6 /* Products */,
				DB2F417822280BFA009D6EB6 /* Frameworks */,
			);
			sourceTree = "<group>";
		};
		DB2F416022280630009D6EB6 /* Products */ = {
			isa = PBXGroup;
			children = (
				DB2F415F22280630009D6EB6 /* VoiceRec.app */,
			);
			name = Products;
			sourceTree = "<group>";
		};
		DB2F416122280630009D6EB6 /* VoiceRec */ = {
			isa = PBXGroup;
			children = (
				DB2F416222280630009D6EB6 /* AppDelegate.swift */,
				DB0130F6222A5099003CBFE7 /* AudioPlayer.swift */,
				DB86F940222D2AFA00C565E7 /* AudioRecorder.swift */,
				DB2F416622280630009D6EB6 /* AudioLibraryViewController.swift */,
				DB2F417622280A8A009D6EB6 /* CompilerViewController.swift */,
				DB86F942222E968200C565E7 /* PhraseDetailsViewController.swift */,
				DB86F93E222C159B00C565E7 /* PhrasesLibraryViewController.swift */,
				DB2F416422280630009D6EB6 /* RecorderViewController.swift */,
				DB86F944222F775700C565E7 /* PhraseLibraryContainerViewController.swift */,
				DB0130F422294E98003CBFE7 /* AudioCell.swift */,
				DB86F93C222C148E00C565E7 /* PhraseCell.swift */,
				DBC3EA2E223D161D00B46E7A /* DirectoryCell.swift */,
				DBB56C8B223FDB3800E63FCC /* VoiceSequence.swift */,
				DB2F417B222818D6009D6EB6 /* FSTableAudioDataSource.swift */,
				DB86F93A222C117E00C565E7 /* FSTableDirectoryDataSource.swift */,
				DB86F948222FA65400C565E7 /* DB.swift */,
				DBB56C87223FD8BD00E63FCC /* DictionaryDB.swift */,
				DBB56C89223FD90300E63FCC /* ArrayDB.swift */,
				DB0130F222290DA0003CBFE7 /* FileUtils.swift */,
				DB0130F8222A517D003CBFE7 /* UIUtils.swift */,
				DB86F946222F812B00C565E7 /* NotificationUtils.swift */,
				DB2F416B22280631009D6EB6 /* Assets.xcassets */,
				DB2F416822280630009D6EB6 /* Main.storyboard */,
				DB2F416D22280631009D6EB6 /* LaunchScreen.storyboard */,
				DB2F417022280631009D6EB6 /* Info.plist */,
			);
			path = VoiceRec;
			sourceTree = "<group>";
		};
		DB2F417822280BFA009D6EB6 /* Frameworks */ = {
			isa = PBXGroup;
			children = (
				DB2F417922280BFA009D6EB6 /* AVKit.framework */,
			);
			name = Frameworks;
			sourceTree = "<group>";
		};
/* End PBXGroup section */

/* Begin PBXNativeTarget section */
		DB2F415E22280630009D6EB6 /* VoiceRec */ = {
			isa = PBXNativeTarget;
			buildConfigurationList = DB2F417322280631009D6EB6 /* Build configuration list for PBXNativeTarget "VoiceRec" */;
			buildPhases = (
				DB2F415B22280630009D6EB6 /* Sources */,
				DB2F415C22280630009D6EB6 /* Frameworks */,
				DB2F415D22280630009D6EB6 /* Resources */,
				DB0130F122290B7F003CBFE7 /* Embed App Extensions */,
			);
			buildRules = (
			);
			dependencies = (
			);
			name = VoiceRec;
			productName = VoiceRec;
			productReference = DB2F415F22280630009D6EB6 /* VoiceRec.app */;
			productType = "com.apple.product-type.application";
		};
/* End PBXNativeTarget section */

/* Begin PBXProject section */
		DB2F415722280630009D6EB6 /* Project object */ = {
			isa = PBXProject;
			attributes = {
				LastSwiftUpdateCheck = 1000;
				LastUpgradeCheck = 1000;
				ORGANIZATIONNAME = traleven;
				TargetAttributes = {
					DB2F415E22280630009D6EB6 = {
						CreatedOnToolsVersion = 10.0;
						SystemCapabilities = {
							com.apple.BackgroundModes = {
								enabled = 0;
							};
						};
					};
				};
			};
			buildConfigurationList = DB2F415A22280630009D6EB6 /* Build configuration list for PBXProject "VoiceRec" */;
			compatibilityVersion = "Xcode 9.3";
			developmentRegion = en;
			hasScannedForEncodings = 0;
			knownRegions = (
				en,
				Base,
			);
			mainGroup = DB2F415622280630009D6EB6;
			productRefGroup = DB2F416022280630009D6EB6 /* Products */;
			projectDirPath = "";
			projectRoot = "";
			targets = (
				DB2F415E22280630009D6EB6 /* VoiceRec */,
			);
		};
/* End PBXProject section */

/* Begin PBXResourcesBuildPhase section */
		DB2F415D22280630009D6EB6 /* Resources */ = {
			isa = PBXResourcesBuildPhase;
			buildActionMask = 2147483647;
			files = (
				DB2F416F22280631009D6EB6 /* LaunchScreen.storyboard in Resources */,
				DB2F416C22280631009D6EB6 /* Assets.xcassets in Resources */,
				DB2F416A22280630009D6EB6 /* Main.storyboard in Resources */,
			);
			runOnlyForDeploymentPostprocessing = 0;
		};
/* End PBXResourcesBuildPhase section */

/* Begin PBXSourcesBuildPhase section */
		DB2F415B22280630009D6EB6 /* Sources */ = {
			isa = PBXSourcesBuildPhase;
			buildActionMask = 2147483647;
			files = (
				DB86F943222E968200C565E7 /* PhraseDetailsViewController.swift in Sources */,
				DB2F416722280630009D6EB6 /* AudioLibraryViewController.swift in Sources */,
				DB2F417722280A8A009D6EB6 /* CompilerViewController.swift in Sources */,
				DB2F416322280630009D6EB6 /* AppDelegate.swift in Sources */,
				DB0130F7222A5099003CBFE7 /* AudioPlayer.swift in Sources */,
				DBB56C8A223FD90300E63FCC /* ArrayDB.swift in Sources */,
				DBB56C8C223FDB3800E63FCC /* VoiceSequence.swift in Sources */,
				DB86F93D222C148E00C565E7 /* PhraseCell.swift in Sources */,
				DB0130F322290DA0003CBFE7 /* FileUtils.swift in Sources */,
				DB0130F522294E98003CBFE7 /* AudioCell.swift in Sources */,
				DB86F93B222C117E00C565E7 /* FSTableDirectoryDataSource.swift in Sources */,
				DB86F941222D2AFA00C565E7 /* AudioRecorder.swift in Sources */,
				DB86F947222F812B00C565E7 /* NotificationUtils.swift in Sources */,
				DB86F945222F775700C565E7 /* PhraseLibraryContainerViewController.swift in Sources */,
				DB0130F9222A517D003CBFE7 /* UIUtils.swift in Sources */,
				DB2F416522280630009D6EB6 /* RecorderViewController.swift in Sources */,
				DB2F417C222818D6009D6EB6 /* FSTableAudioDataSource.swift in Sources */,
				DBC3EA2F223D161D00B46E7A /* DirectoryCell.swift in Sources */,
				DBB56C88223FD8BD00E63FCC /* DictionaryDB.swift in Sources */,
				DB86F93F222C159B00C565E7 /* PhrasesLibraryViewController.swift in Sources */,
				DB86F949222FA65400C565E7 /* DB.swift in Sources */,
			);
			runOnlyForDeploymentPostprocessing = 0;
		};
/* End PBXSourcesBuildPhase section */

/* Begin PBXVariantGroup section */
		DB2F416822280630009D6EB6 /* Main.storyboard */ = {
			isa = PBXVariantGroup;
			children = (
				DB2F416922280630009D6EB6 /* Base */,
			);
			name = Main.storyboard;
			sourceTree = "<group>";
		};
		DB2F416D22280631009D6EB6 /* LaunchScreen.storyboard */ = {
			isa = PBXVariantGroup;
			children = (
				DB2F416E22280631009D6EB6 /* Base */,
			);
			name = LaunchScreen.storyboard;
			sourceTree = "<group>";
		};
/* End PBXVariantGroup section */

/* Begin XCBuildConfiguration section */
		DB2F417122280631009D6EB6 /* Debug */ = {
			isa = XCBuildConfiguration;
			buildSettings = {
				ALWAYS_SEARCH_USER_PATHS = NO;
				CLANG_ANALYZER_NONNULL = YES;
				CLANG_ANALYZER_NUMBER_OBJECT_CONVERSION = YES_AGGRESSIVE;
				CLANG_CXX_LANGUAGE_STANDARD = "gnu++14";
				CLANG_CXX_LIBRARY = "libc++";
				CLANG_ENABLE_MODULES = YES;
				CLANG_ENABLE_OBJC_ARC = YES;
				CLANG_ENABLE_OBJC_WEAK = YES;
				CLANG_WARN_BLOCK_CAPTURE_AUTORELEASING = YES;
				CLANG_WARN_BOOL_CONVERSION = YES;
				CLANG_WARN_COMMA = YES;
				CLANG_WARN_CONSTANT_CONVERSION = YES;
				CLANG_WARN_DEPRECATED_OBJC_IMPLEMENTATIONS = YES;
				CLANG_WARN_DIRECT_OBJC_ISA_USAGE = YES_ERROR;
				CLANG_WARN_DOCUMENTATION_COMMENTS = YES;
				CLANG_WARN_EMPTY_BODY = YES;
				CLANG_WARN_ENUM_CONVERSION = YES;
				CLANG_WARN_INFINITE_RECURSION = YES;
				CLANG_WARN_INT_CONVERSION = YES;
				CLANG_WARN_NON_LITERAL_NULL_CONVERSION = YES;
				CLANG_WARN_OBJC_IMPLICIT_RETAIN_SELF = YES;
				CLANG_WARN_OBJC_LITERAL_CONVERSION = YES;
				CLANG_WARN_OBJC_ROOT_CLASS = YES_ERROR;
				CLANG_WARN_RANGE_LOOP_ANALYSIS = YES;
				CLANG_WARN_STRICT_PROTOTYPES = YES;
				CLANG_WARN_SUSPICIOUS_MOVE = YES;
				CLANG_WARN_UNGUARDED_AVAILABILITY = YES_AGGRESSIVE;
				CLANG_WARN_UNREACHABLE_CODE = YES;
				CLANG_WARN__DUPLICATE_METHOD_MATCH = YES;
				CODE_SIGN_IDENTITY = "iPhone Developer";
				COPY_PHASE_STRIP = NO;
				DEBUG_INFORMATION_FORMAT = dwarf;
				ENABLE_STRICT_OBJC_MSGSEND = YES;
				ENABLE_TESTABILITY = YES;
				GCC_C_LANGUAGE_STANDARD = gnu11;
				GCC_DYNAMIC_NO_PIC = NO;
				GCC_NO_COMMON_BLOCKS = YES;
				GCC_OPTIMIZATION_LEVEL = 0;
				GCC_PREPROCESSOR_DEFINITIONS = (
					"DEBUG=1",
					"$(inherited)",
				);
				GCC_WARN_64_TO_32_BIT_CONVERSION = YES;
				GCC_WARN_ABOUT_RETURN_TYPE = YES_ERROR;
				GCC_WARN_UNDECLARED_SELECTOR = YES;
				GCC_WARN_UNINITIALIZED_AUTOS = YES_AGGRESSIVE;
				GCC_WARN_UNUSED_FUNCTION = YES;
				GCC_WARN_UNUSED_VARIABLE = YES;
				IPHONEOS_DEPLOYMENT_TARGET = 12.0;
				MTL_ENABLE_DEBUG_INFO = INCLUDE_SOURCE;
				MTL_FAST_MATH = YES;
				ONLY_ACTIVE_ARCH = YES;
				SDKROOT = iphoneos;
				SWIFT_ACTIVE_COMPILATION_CONDITIONS = DEBUG;
				SWIFT_OPTIMIZATION_LEVEL = "-Onone";
			};
			name = Debug;
		};
		DB2F417222280631009D6EB6 /* Release */ = {
			isa = XCBuildConfiguration;
			buildSettings = {
				ALWAYS_SEARCH_USER_PATHS = NO;
				CLANG_ANALYZER_NONNULL = YES;
				CLANG_ANALYZER_NUMBER_OBJECT_CONVERSION = YES_AGGRESSIVE;
				CLANG_CXX_LANGUAGE_STANDARD = "gnu++14";
				CLANG_CXX_LIBRARY = "libc++";
				CLANG_ENABLE_MODULES = YES;
				CLANG_ENABLE_OBJC_ARC = YES;
				CLANG_ENABLE_OBJC_WEAK = YES;
				CLANG_WARN_BLOCK_CAPTURE_AUTORELEASING = YES;
				CLANG_WARN_BOOL_CONVERSION = YES;
				CLANG_WARN_COMMA = YES;
				CLANG_WARN_CONSTANT_CONVERSION = YES;
				CLANG_WARN_DEPRECATED_OBJC_IMPLEMENTATIONS = YES;
				CLANG_WARN_DIRECT_OBJC_ISA_USAGE = YES_ERROR;
				CLANG_WARN_DOCUMENTATION_COMMENTS = YES;
				CLANG_WARN_EMPTY_BODY = YES;
				CLANG_WARN_ENUM_CONVERSION = YES;
				CLANG_WARN_INFINITE_RECURSION = YES;
				CLANG_WARN_INT_CONVERSION = YES;
				CLANG_WARN_NON_LITERAL_NULL_CONVERSION = YES;
				CLANG_WARN_OBJC_IMPLICIT_RETAIN_SELF = YES;
				CLANG_WARN_OBJC_LITERAL_CONVERSION = YES;
				CLANG_WARN_OBJC_ROOT_CLASS = YES_ERROR;
				CLANG_WARN_RANGE_LOOP_ANALYSIS = YES;
				CLANG_WARN_STRICT_PROTOTYPES = YES;
				CLANG_WARN_SUSPICIOUS_MOVE = YES;
				CLANG_WARN_UNGUARDED_AVAILABILITY = YES_AGGRESSIVE;
				CLANG_WARN_UNREACHABLE_CODE = YES;
				CLANG_WARN__DUPLICATE_METHOD_MATCH = YES;
				CODE_SIGN_IDENTITY = "iPhone Developer";
				COPY_PHASE_STRIP = NO;
				DEBUG_INFORMATION_FORMAT = "dwarf-with-dsym";
				ENABLE_NS_ASSERTIONS = NO;
				ENABLE_STRICT_OBJC_MSGSEND = YES;
				GCC_C_LANGUAGE_STANDARD = gnu11;
				GCC_NO_COMMON_BLOCKS = YES;
				GCC_WARN_64_TO_32_BIT_CONVERSION = YES;
				GCC_WARN_ABOUT_RETURN_TYPE = YES_ERROR;
				GCC_WARN_UNDECLARED_SELECTOR = YES;
				GCC_WARN_UNINITIALIZED_AUTOS = YES_AGGRESSIVE;
				GCC_WARN_UNUSED_FUNCTION = YES;
				GCC_WARN_UNUSED_VARIABLE = YES;
				IPHONEOS_DEPLOYMENT_TARGET = 12.0;
				MTL_ENABLE_DEBUG_INFO = NO;
				MTL_FAST_MATH = YES;
				SDKROOT = iphoneos;
				SWIFT_COMPILATION_MODE = wholemodule;
				SWIFT_OPTIMIZATION_LEVEL = "-O";
				VALIDATE_PRODUCT = YES;
			};
			name = Release;
		};
		DB2F417422280631009D6EB6 /* Debug */ = {
			isa = XCBuildConfiguration;
			buildSettings = {
				ALWAYS_EMBED_SWIFT_STANDARD_LIBRARIES = YES;
				ASSETCATALOG_COMPILER_APPICON_NAME = AppIcon;
				CODE_SIGN_IDENTITY = "iPhone Developer";
				CODE_SIGN_STYLE = Automatic;
				DEVELOPMENT_TEAM = P49RX2B23K;
				INFOPLIST_FILE = VoiceRec/Info.plist;
				LD_RUNPATH_SEARCH_PATHS = (
					"$(inherited)",
					"@executable_path/Frameworks",
				);
				PRODUCT_BUNDLE_IDENTIFIER = com.diplomat.VoiceRec;
				PRODUCT_NAME = "$(TARGET_NAME)";
				PROVISIONING_PROFILE_SPECIFIER = "";
				SWIFT_VERSION = 4.2;
				TARGETED_DEVICE_FAMILY = "1,2";
			};
			name = Debug;
		};
		DB2F417522280631009D6EB6 /* Release */ = {
			isa = XCBuildConfiguration;
			buildSettings = {
				ALWAYS_EMBED_SWIFT_STANDARD_LIBRARIES = YES;
				ASSETCATALOG_COMPILER_APPICON_NAME = AppIcon;
				CODE_SIGN_IDENTITY = "iPhone Developer";
				CODE_SIGN_STYLE = Automatic;
				DEVELOPMENT_TEAM = P49RX2B23K;
				INFOPLIST_FILE = VoiceRec/Info.plist;
				LD_RUNPATH_SEARCH_PATHS = (
					"$(inherited)",
					"@executable_path/Frameworks",
				);
				PRODUCT_BUNDLE_IDENTIFIER = com.diplomat.VoiceRec;
				PRODUCT_NAME = "$(TARGET_NAME)";
				PROVISIONING_PROFILE_SPECIFIER = "";
				SWIFT_VERSION = 4.2;
				TARGETED_DEVICE_FAMILY = "1,2";
			};
			name = Release;
		};
/* End XCBuildConfiguration section */

/* Begin XCConfigurationList section */
		DB2F415A22280630009D6EB6 /* Build configuration list for PBXProject "VoiceRec" */ = {
			isa = XCConfigurationList;
			buildConfigurations = (
				DB2F417122280631009D6EB6 /* Debug */,
				DB2F417222280631009D6EB6 /* Release */,
			);
			defaultConfigurationIsVisible = 0;
			defaultConfigurationName = Release;
		};
		DB2F417322280631009D6EB6 /* Build configuration list for PBXNativeTarget "VoiceRec" */ = {
			isa = XCConfigurationList;
			buildConfigurations = (
				DB2F417422280631009D6EB6 /* Debug */,
				DB2F417522280631009D6EB6 /* Release */,
			);
			defaultConfigurationIsVisible = 0;
			defaultConfigurationName = Release;
		};
/* End XCConfigurationList section */
	};
	rootObject = DB2F415722280630009D6EB6 /* Project object */;
}
