{
  "object": {
    "pins": [
      {
        "package": "ASCollectionView",
        "repositoryURL": "https://github.com/apptekstudios/ASCollectionView",
        "state": {
          "branch": "master",
          "revision": "4550cd5b5cfc3f437f8ff838939c6be21edfe992",
          "version": null
        }
      },
      {
        "package": "SwiftUICharts",
        "repositoryURL": "https://github.com/AppPear/ChartView",
        "state": {
          "branch": "master",
          "revision": "27e7e0dd1d58076e2d10e74995468c08ba2751a0",
          "version": null
        }
      },
      {
        "package": "DifferenceKit",
        "repositoryURL": "https://github.com/ra1028/DifferenceKit",
        "state": {
          "branch": null,
          "revision": "14c66681e12a38b81045f44c6c29724a0d4b0e72",
          "version": "1.1.5"
        }
      },
      {
        "package": "KeyboardObserving",
        "repositoryURL": "https://github.com/nickffox/KeyboardObserving",
        "state": {
          "branch": "master",
          "revision": "df105a7c43a93b06492ee5832037e20c8f472b46",
          "version": null
        }
      },
      {
        "package": "StatefulTabView",
        "repositoryURL": "https://github.com/NicholasBellucci/StatefulTabView",
        "state": {
          "branch": "master",
          "revision": "1b96742b9a8a0d89ef7e7e8401e11b14deef1f28",
          "version": null
        }
      },
      {
        "package": "SwiftUIKit",
        "repositoryURL": "https://github.com/danielsaidi/SwiftUIKit",
        "state": {
          "branch": "master",
          "revision": "3228522139c39fe6162958a29837b7b889189e53",
          "version": null
        }
      },
      {
        "package": "SwiftUIX",
        "repositoryURL": "https://github.com/SwiftUIX/SwiftUIX",
        "state": {
          "branch": "master",
          "revision": "bb3193a4de2d7225446b65018f42867f770fee09",
          "version": null
        }
      }
    ]
  },
  "version": 1
}
